// !$*UTF8*$!
{
	archiveVersion = 1;
	classes = {
	};
	objectVersion = 46;
	objects = {

/* Begin PBXBuildFile section */
		965EA34319C17995002323B6 /* AppDelegate.swift in Sources */ = {isa = PBXBuildFile; fileRef = 965EA34219C17995002323B6 /* AppDelegate.swift */; };
		965EA34519C17995002323B6 /* ViewController.swift in Sources */ = {isa = PBXBuildFile; fileRef = 965EA34419C17995002323B6 /* ViewController.swift */; };
		965EA34819C17995002323B6 /* Main.storyboard in Resources */ = {isa = PBXBuildFile; fileRef = 965EA34619C17995002323B6 /* Main.storyboard */; };
		965EA34A19C17995002323B6 /* Images.xcassets in Resources */ = {isa = PBXBuildFile; fileRef = 965EA34919C17995002323B6 /* Images.xcassets */; };
		965EA34D19C17995002323B6 /* LaunchScreen.xib in Resources */ = {isa = PBXBuildFile; fileRef = 965EA34B19C17995002323B6 /* LaunchScreen.xib */; };
		965EA35919C17995002323B6 /* learn_swiftTests.swift in Sources */ = {isa = PBXBuildFile; fileRef = 965EA35819C17995002323B6 /* learn_swiftTests.swift */; };
/* End PBXBuildFile section */

/* Begin PBXContainerItemProxy section */
		965EA35319C17995002323B6 /* PBXContainerItemProxy */ = {
			isa = PBXContainerItemProxy;
			containerPortal = 965EA33519C17995002323B6 /* Project object */;
			proxyType = 1;
			remoteGlobalIDString = 965EA33C19C17995002323B6;
			remoteInfo = "learn-swift";
		};
/* End PBXContainerItemProxy section */

/* Begin PBXFileReference section */
		965EA33D19C17995002323B6 /* learn-swift.app */ = {isa = PBXFileReference; explicitFileType = wrapper.application; includeInIndex = 0; path = "learn-swift.app"; sourceTree = BUILT_PRODUCTS_DIR; };
		965EA34119C17995002323B6 /* Info.plist */ = {isa = PBXFileReference; lastKnownFileType = text.plist.xml; path = Info.plist; sourceTree = "<group>"; };
		965EA34219C17995002323B6 /* AppDelegate.swift */ = {isa = PBXFileReference; lastKnownFileType = sourcecode.swift; path = AppDelegate.swift; sourceTree = "<group>"; };
		965EA34419C17995002323B6 /* ViewController.swift */ = {isa = PBXFileReference; lastKnownFileType = sourcecode.swift; path = ViewController.swift; sourceTree = "<group>"; };
		965EA34719C17995002323B6 /* Base */ = {isa = PBXFileReference; lastKnownFileType = file.storyboard; name = Base; path = Base.lproj/Main.storyboard; sourceTree = "<group>"; };
		965EA34919C17995002323B6 /* Images.xcassets */ = {isa = PBXFileReference; lastKnownFileType = folder.assetcatalog; path = Images.xcassets; sourceTree = "<group>"; };
		965EA34C19C17995002323B6 /* Base */ = {isa = PBXFileReference; lastKnownFileType = file.xib; name = Base; path = Base.lproj/LaunchScreen.xib; sourceTree = "<group>"; };
		965EA35219C17995002323B6 /* learn-swiftTests.xctest */ = {isa = PBXFileReference; explicitFileType = wrapper.cfbundle; includeInIndex = 0; path = "learn-swiftTests.xctest"; sourceTree = BUILT_PRODUCTS_DIR; };
		965EA35719C17995002323B6 /* Info.plist */ = {isa = PBXFileReference; lastKnownFileType = text.plist.xml; path = Info.plist; sourceTree = "<group>"; };
		965EA35819C17995002323B6 /* learn_swiftTests.swift */ = {isa = PBXFileReference; lastKnownFileType = sourcecode.swift; path = learn_swiftTests.swift; sourceTree = "<group>"; };
/* End PBXFileReference section */

/* Begin PBXFrameworksBuildPhase section */
		965EA33A19C17995002323B6 /* Frameworks */ = {
			isa = PBXFrameworksBuildPhase;
			buildActionMask = 2147483647;
			files = (
			);
			runOnlyForDeploymentPostprocessing = 0;
		};
		965EA34F19C17995002323B6 /* Frameworks */ = {
			isa = PBXFrameworksBuildPhase;
			buildActionMask = 2147483647;
			files = (
			);
			runOnlyForDeploymentPostprocessing = 0;
		};
/* End PBXFrameworksBuildPhase section */

/* Begin PBXGroup section */
		965EA33419C17995002323B6 = {
			isa = PBXGroup;
			children = (
				965EA33F19C17995002323B6 /* learn-swift */,
				965EA35519C17995002323B6 /* learn-swiftTests */,
				965EA33E19C17995002323B6 /* Products */,
			);
			sourceTree = "<group>";
		};
		965EA33E19C17995002323B6 /* Products */ = {
			isa = PBXGroup;
			children = (
				965EA33D19C17995002323B6 /* learn-swift.app */,
				965EA35219C17995002323B6 /* learn-swiftTests.xctest */,
			);
			name = Products;
			sourceTree = "<group>";
		};
		965EA33F19C17995002323B6 /* learn-swift */ = {
			isa = PBXGroup;
			children = (
				965EA34219C17995002323B6 /* AppDelegate.swift */,
				965EA34419C17995002323B6 /* ViewController.swift */,
				965EA34619C17995002323B6 /* Main.storyboard */,
				965EA34919C17995002323B6 /* Images.xcassets */,
				965EA34B19C17995002323B6 /* LaunchScreen.xib */,
				965EA34019C17995002323B6 /* Supporting Files */,
			);
			path = "learn-swift";
			sourceTree = "<group>";
		};
		965EA34019C17995002323B6 /* Supporting Files */ = {
			isa = PBXGroup;
			children = (
				965EA34119C17995002323B6 /* Info.plist */,
			);
			name = "Supporting Files";
			sourceTree = "<group>";
		};
		965EA35519C17995002323B6 /* learn-swiftTests */ = {
			isa = PBXGroup;
			children = (
				965EA35819C17995002323B6 /* learn_swiftTests.swift */,
				965EA35619C17995002323B6 /* Supporting Files */,
			);
			path = "learn-swiftTests";
			sourceTree = "<group>";
		};
		965EA35619C17995002323B6 /* Supporting Files */ = {
			isa = PBXGroup;
			children = (
				965EA35719C17995002323B6 /* Info.plist */,
			);
			name = "Supporting Files";
			sourceTree = "<group>";
		};
/* End PBXGroup section */

/* Begin PBXNativeTarget section */
		965EA33C19C17995002323B6 /* learn-swift */ = {
			isa = PBXNativeTarget;
			buildConfigurationList = 965EA35C19C17995002323B6 /* Build configuration list for PBXNativeTarget "learn-swift" */;
			buildPhases = (
				965EA33919C17995002323B6 /* Sources */,
				965EA33A19C17995002323B6 /* Frameworks */,
				965EA33B19C17995002323B6 /* Resources */,
			);
			buildRules = (
			);
			dependencies = (
			);
			name = "learn-swift";
			productName = "learn-swift";
			productReference = 965EA33D19C17995002323B6 /* learn-swift.app */;
			productType = "com.apple.product-type.application";
		};
		965EA35119C17995002323B6 /* learn-swiftTests */ = {
			isa = PBXNativeTarget;
			buildConfigurationList = 965EA35F19C17995002323B6 /* Build configuration list for PBXNativeTarget "learn-swiftTests" */;
			buildPhases = (
				965EA34E19C17995002323B6 /* Sources */,
				965EA34F19C17995002323B6 /* Frameworks */,
				965EA35019C17995002323B6 /* Resources */,
			);
			buildRules = (
			);
			dependencies = (
				965EA35419C17995002323B6 /* PBXTargetDependency */,
			);
			name = "learn-swiftTests";
			productName = "learn-swiftTests";
			productReference = 965EA35219C17995002323B6 /* learn-swiftTests.xctest */;
			productType = "com.apple.product-type.bundle.unit-test";
		};
/* End PBXNativeTarget section */

/* Begin PBXProject section */
		965EA33519C17995002323B6 /* Project object */ = {
			isa = PBXProject;
			attributes = {
				LastUpgradeCheck = 0600;
				ORGANIZATIONNAME = why;
				TargetAttributes = {
					965EA33C19C17995002323B6 = {
						CreatedOnToolsVersion = 6.0;
					};
					965EA35119C17995002323B6 = {
						CreatedOnToolsVersion = 6.0;
						TestTargetID = 965EA33C19C17995002323B6;
					};
				};
			};
			buildConfigurationList = 965EA33819C17995002323B6 /* Build configuration list for PBXProject "learn-swift" */;
			compatibilityVersion = "Xcode 3.2";
			developmentRegion = English;
			hasScannedForEncodings = 0;
			knownRegions = (
				en,
				Base,
			);
			mainGroup = 965EA33419C17995002323B6;
			productRefGroup = 965EA33E19C17995002323B6 /* Products */;
			projectDirPath = "";
			projectRoot = "";
			targets = (
				965EA33C19C17995002323B6 /* learn-swift */,
				965EA35119C17995002323B6 /* learn-swiftTests */,
			);
		};
/* End PBXProject section */

/* Begin PBXResourcesBuildPhase section */
		965EA33B19C17995002323B6 /* Resources */ = {
			isa = PBXResourcesBuildPhase;
			buildActionMask = 2147483647;
			files = (
				965EA34819C17995002323B6 /* Main.storyboard in Resources */,
				965EA34D19C17995002323B6 /* LaunchScreen.xib in Resources */,
				965EA34A19C17995002323B6 /* Images.xcassets in Resources */,
			);
			runOnlyForDeploymentPostprocessing = 0;
		};
		965EA35019C17995002323B6 /* Resources */ = {
			isa = PBXResourcesBuildPhase;
			buildActionMask = 2147483647;
			files = (
			);
			runOnlyForDeploymentPostprocessing = 0;
		};
/* End PBXResourcesBuildPhase section */

/* Begin PBXSourcesBuildPhase section */
		965EA33919C17995002323B6 /* Sources */ = {
			isa = PBXSourcesBuildPhase;
			buildActionMask = 2147483647;
			files = (
				965EA34519C17995002323B6 /* ViewController.swift in Sources */,
				965EA34319C17995002323B6 /* AppDelegate.swift in Sources */,
			);
			runOnlyForDeploymentPostprocessing = 0;
		};
		965EA34E19C17995002323B6 /* Sources */ = {
			isa = PBXSourcesBuildPhase;
			buildActionMask = 2147483647;
			files = (
				965EA35919C17995002323B6 /* learn_swiftTests.swift in Sources */,
			);
			runOnlyForDeploymentPostprocessing = 0;
		};
/* End PBXSourcesBuildPhase section */

/* Begin PBXTargetDependency section */
		965EA35419C17995002323B6 /* PBXTargetDependency */ = {
			isa = PBXTargetDependency;
			target = 965EA33C19C17995002323B6 /* learn-swift */;
			targetProxy = 965EA35319C17995002323B6 /* PBXContainerItemProxy */;
		};
/* End PBXTargetDependency section */

/* Begin PBXVariantGroup section */
		965EA34619C17995002323B6 /* Main.storyboard */ = {
			isa = PBXVariantGroup;
			children = (
				965EA34719C17995002323B6 /* Base */,
			);
			name = Main.storyboard;
			sourceTree = "<group>";
		};
		965EA34B19C17995002323B6 /* LaunchScreen.xib */ = {
			isa = PBXVariantGroup;
			children = (
				965EA34C19C17995002323B6 /* Base */,
			);
			name = LaunchScreen.xib;
			sourceTree = "<group>";
		};
/* End PBXVariantGroup section */

/* Begin XCBuildConfiguration section */
		965EA35A19C17995002323B6 /* Debug */ = {
			isa = XCBuildConfiguration;
			buildSettings = {
				ALWAYS_SEARCH_USER_PATHS = NO;
				CLANG_CXX_LANGUAGE_STANDARD = "gnu++0x";
				CLANG_CXX_LIBRARY = "libc++";
				CLANG_ENABLE_MODULES = YES;
				CLANG_ENABLE_OBJC_ARC = YES;
				CLANG_WARN_BOOL_CONVERSION = YES;
				CLANG_WARN_CONSTANT_CONVERSION = YES;
				CLANG_WARN_DIRECT_OBJC_ISA_USAGE = YES_ERROR;
				CLANG_WARN_EMPTY_BODY = YES;
				CLANG_WARN_ENUM_CONVERSION = YES;
				CLANG_WARN_INT_CONVERSION = YES;
				CLANG_WARN_OBJC_ROOT_CLASS = YES_ERROR;
				CLANG_WARN_UNREACHABLE_CODE = YES;
				CLANG_WARN__DUPLICATE_METHOD_MATCH = YES;
				"CODE_SIGN_IDENTITY[sdk=iphoneos*]" = "iPhone Developer";
				COPY_PHASE_STRIP = NO;
				ENABLE_STRICT_OBJC_MSGSEND = YES;
				GCC_C_LANGUAGE_STANDARD = gnu99;
				GCC_DYNAMIC_NO_PIC = NO;
				GCC_OPTIMIZATION_LEVEL = 0;
				GCC_PREPROCESSOR_DEFINITIONS = (
					"DEBUG=1",
					"$(inherited)",
				);
				GCC_SYMBOLS_PRIVATE_EXTERN = NO;
				GCC_WARN_64_TO_32_BIT_CONVERSION = YES;
				GCC_WARN_ABOUT_RETURN_TYPE = YES_ERROR;
				GCC_WARN_UNDECLARED_SELECTOR = YES;
				GCC_WARN_UNINITIALIZED_AUTOS = YES_AGGRESSIVE;
				GCC_WARN_UNUSED_FUNCTION = YES;
				GCC_WARN_UNUSED_VARIABLE = YES;
				IPHONEOS_DEPLOYMENT_TARGET = 8.0;
				MTL_ENABLE_DEBUG_INFO = YES;
				ONLY_ACTIVE_ARCH = YES;
				SDKROOT = iphoneos;
				SWIFT_OPTIMIZATION_LEVEL = "-Onone";
			};
			name = Debug;
		};
		965EA35B19C17995002323B6 /* Release */ = {
			isa = XCBuildConfiguration;
			buildSettings = {
				ALWAYS_SEARCH_USER_PATHS = NO;
				CLANG_CXX_LANGUAGE_STANDARD = "gnu++0x";
				CLANG_CXX_LIBRARY = "libc++";
				CLANG_ENABLE_MODULES = YES;
				CLANG_ENABLE_OBJC_ARC = YES;
				CLANG_WARN_BOOL_CONVERSION = YES;
				CLANG_WARN_CONSTANT_CONVERSION = YES;
				CLANG_WARN_DIRECT_OBJC_ISA_USAGE = YES_ERROR;
				CLANG_WARN_EMPTY_BODY = YES;
				CLANG_WARN_ENUM_CONVERSION = YES;
				CLANG_WARN_INT_CONVERSION = YES;
				CLANG_WARN_OBJC_ROOT_CLASS = YES_ERROR;
				CLANG_WARN_UNREACHABLE_CODE = YES;
				CLANG_WARN__DUPLICATE_METHOD_MATCH = YES;
				"CODE_SIGN_IDENTITY[sdk=iphoneos*]" = "iPhone Developer";
				COPY_PHASE_STRIP = YES;
				ENABLE_NS_ASSERTIONS = NO;
				ENABLE_STRICT_OBJC_MSGSEND = YES;
				GCC_C_LANGUAGE_STANDARD = gnu99;
				GCC_WARN_64_TO_32_BIT_CONVERSION = YES;
				GCC_WARN_ABOUT_RETURN_TYPE = YES_ERROR;
				GCC_WARN_UNDECLARED_SELECTOR = YES;
				GCC_WARN_UNINITIALIZED_AUTOS = YES_AGGRESSIVE;
				GCC_WARN_UNUSED_FUNCTION = YES;
				GCC_WARN_UNUSED_VARIABLE = YES;
				IPHONEOS_DEPLOYMENT_TARGET = 8.0;
				MTL_ENABLE_DEBUG_INFO = NO;
				SDKROOT = iphoneos;
				VALIDATE_PRODUCT = YES;
			};
			name = Release;
		};
		965EA35D19C17995002323B6 /* Debug */ = {
			isa = XCBuildConfiguration;
			buildSettings = {
				ASSETCATALOG_COMPILER_APPICON_NAME = AppIcon;
				INFOPLIST_FILE = "learn-swift/Info.plist";
				LD_RUNPATH_SEARCH_PATHS = "$(inherited) @executable_path/Frameworks";
				PRODUCT_NAME = "$(TARGET_NAME)";
			};
			name = Debug;
		};
		965EA35E19C17995002323B6 /* Release */ = {
			isa = XCBuildConfiguration;
			buildSettings = {
				ASSETCATALOG_COMPILER_APPICON_NAME = AppIcon;
				INFOPLIST_FILE = "learn-swift/Info.plist";
				LD_RUNPATH_SEARCH_PATHS = "$(inherited) @executable_path/Frameworks";
				PRODUCT_NAME = "$(TARGET_NAME)";
			};
			name = Release;
		};
		965EA36019C17995002323B6 /* Debug */ = {
			isa = XCBuildConfiguration;
			buildSettings = {
				BUNDLE_LOADER = "$(TEST_HOST)";
				FRAMEWORK_SEARCH_PATHS = (
					"$(SDKROOT)/Developer/Library/Frameworks",
					"$(inherited)",
				);
				GCC_PREPROCESSOR_DEFINITIONS = (
					"DEBUG=1",
					"$(inherited)",
				);
				INFOPLIST_FILE = "learn-swiftTests/Info.plist";
				LD_RUNPATH_SEARCH_PATHS = "$(inherited) @executable_path/Frameworks @loader_path/Frameworks";
				PRODUCT_NAME = "$(TARGET_NAME)";
				TEST_HOST = "$(BUILT_PRODUCTS_DIR)/learn-swift.app/learn-swift";
			};
			name = Debug;
		};
		965EA36119C17995002323B6 /* Release */ = {
			isa = XCBuildConfiguration;
			buildSettings = {
				BUNDLE_LOADER = "$(TEST_HOST)";
				FRAMEWORK_SEARCH_PATHS = (
					"$(SDKROOT)/Developer/Library/Frameworks",
					"$(inherited)",
				);
				INFOPLIST_FILE = "learn-swiftTests/Info.plist";
				LD_RUNPATH_SEARCH_PATHS = "$(inherited) @executable_path/Frameworks @loader_path/Frameworks";
				PRODUCT_NAME = "$(TARGET_NAME)";
				TEST_HOST = "$(BUILT_PRODUCTS_DIR)/learn-swift.app/learn-swift";
			};
			name = Release;
		};
/* End XCBuildConfiguration section */

/* Begin XCConfigurationList section */
		965EA33819C17995002323B6 /* Build configuration list for PBXProject "learn-swift" */ = {
			isa = XCConfigurationList;
			buildConfigurations = (
				965EA35A19C17995002323B6 /* Debug */,
				965EA35B19C17995002323B6 /* Release */,
			);
			defaultConfigurationIsVisible = 0;
			defaultConfigurationName = Release;
		};
		965EA35C19C17995002323B6 /* Build configuration list for PBXNativeTarget "learn-swift" */ = {
			isa = XCConfigurationList;
			buildConfigurations = (
				965EA35D19C17995002323B6 /* Debug */,
				965EA35E19C17995002323B6 /* Release */,
			);
			defaultConfigurationIsVisible = 0;
		};
		965EA35F19C17995002323B6 /* Build configuration list for PBXNativeTarget "learn-swiftTests" */ = {
			isa = XCConfigurationList;
			buildConfigurations = (
				965EA36019C17995002323B6 /* Debug */,
				965EA36119C17995002323B6 /* Release */,
			);
			defaultConfigurationIsVisible = 0;
		};
/* End XCConfigurationList section */
	};
	rootObject = 965EA33519C17995002323B6 /* Project object */;
}
